// !$*UTF8*$!
{
	archiveVersion = 1;
	classes = {
	};
	objectVersion = 46;
	objects = {

/* Begin PBXBuildFile section */
		B3094DE01CDDE46D000876C7 /* main.m in Sources */ = {isa = PBXBuildFile; fileRef = B3094DDF1CDDE46D000876C7 /* main.m */; };
		B3094DE31CDDE46D000876C7 /* AppDelegate.m in Sources */ = {isa = PBXBuildFile; fileRef = B3094DE21CDDE46D000876C7 /* AppDelegate.m */; };
		B3094DE61CDDE46D000876C7 /* ViewController.m in Sources */ = {isa = PBXBuildFile; fileRef = B3094DE51CDDE46D000876C7 /* ViewController.m */; };
		B3094DE91CDDE46D000876C7 /* Main.storyboard in Resources */ = {isa = PBXBuildFile; fileRef = B3094DE71CDDE46D000876C7 /* Main.storyboard */; };
		B3094DEB1CDDE46D000876C7 /* Assets.xcassets in Resources */ = {isa = PBXBuildFile; fileRef = B3094DEA1CDDE46D000876C7 /* Assets.xcassets */; };
		B3094DEE1CDDE46D000876C7 /* LaunchScreen.storyboard in Resources */ = {isa = PBXBuildFile; fileRef = B3094DEC1CDDE46D000876C7 /* LaunchScreen.storyboard */; };
		B3094DF91CDDE52A000876C7 /* JSStatusBarHUD.m in Sources */ = {isa = PBXBuildFile; fileRef = B3094DF71CDDE52A000876C7 /* JSStatusBarHUD.m */; };
		B3094DFA1CDDE52A000876C7 /* JSStatusHUD.bundle in Resources */ = {isa = PBXBuildFile; fileRef = B3094DF81CDDE52A000876C7 /* JSStatusHUD.bundle */; };
/* End PBXBuildFile section */

/* Begin PBXFileReference section */
		B3094DDB1CDDE46D000876C7 /* JSStatusBarHUDExample.app */ = {isa = PBXFileReference; explicitFileType = wrapper.application; includeInIndex = 0; path = JSStatusBarHUDExample.app; sourceTree = BUILT_PRODUCTS_DIR; };
		B3094DDF1CDDE46D000876C7 /* main.m */ = {isa = PBXFileReference; lastKnownFileType = sourcecode.c.objc; path = main.m; sourceTree = "<group>"; };
		B3094DE11CDDE46D000876C7 /* AppDelegate.h */ = {isa = PBXFileReference; lastKnownFileType = sourcecode.c.h; path = AppDelegate.h; sourceTree = "<group>"; };
		B3094DE21CDDE46D000876C7 /* AppDelegate.m */ = {isa = PBXFileReference; lastKnownFileType = sourcecode.c.objc; path = AppDelegate.m; sourceTree = "<group>"; };
		B3094DE41CDDE46D000876C7 /* ViewController.h */ = {isa = PBXFileReference; lastKnownFileType = sourcecode.c.h; path = ViewController.h; sourceTree = "<group>"; };
		B3094DE51CDDE46D000876C7 /* ViewController.m */ = {isa = PBXFileReference; lastKnownFileType = sourcecode.c.objc; path = ViewController.m; sourceTree = "<group>"; };
		B3094DE81CDDE46D000876C7 /* Base */ = {isa = PBXFileReference; lastKnownFileType = file.storyboard; name = Base; path = Base.lproj/Main.storyboard; sourceTree = "<group>"; };
		B3094DEA1CDDE46D000876C7 /* Assets.xcassets */ = {isa = PBXFileReference; lastKnownFileType = folder.assetcatalog; path = Assets.xcassets; sourceTree = "<group>"; };
		B3094DED1CDDE46D000876C7 /* Base */ = {isa = PBXFileReference; lastKnownFileType = file.storyboard; name = Base; path = Base.lproj/LaunchScreen.storyboard; sourceTree = "<group>"; };
		B3094DEF1CDDE46D000876C7 /* Info.plist */ = {isa = PBXFileReference; lastKnownFileType = text.plist.xml; path = Info.plist; sourceTree = "<group>"; };
		B3094DF61CDDE52A000876C7 /* JSStatusBarHUD.h */ = {isa = PBXFileReference; fileEncoding = 4; lastKnownFileType = sourcecode.c.h; path = JSStatusBarHUD.h; sourceTree = "<group>"; };
		B3094DF71CDDE52A000876C7 /* JSStatusBarHUD.m */ = {isa = PBXFileReference; fileEncoding = 4; lastKnownFileType = sourcecode.c.objc; path = JSStatusBarHUD.m; sourceTree = "<group>"; };
		B3094DF81CDDE52A000876C7 /* JSStatusHUD.bundle */ = {isa = PBXFileReference; lastKnownFileType = "wrapper.plug-in"; path = JSStatusHUD.bundle; sourceTree = "<group>"; };
/* End PBXFileReference section */

/* Begin PBXFrameworksBuildPhase section */
		B3094DD81CDDE46D000876C7 /* Frameworks */ = {
			isa = PBXFrameworksBuildPhase;
			buildActionMask = 2147483647;
			files = (
			);
			runOnlyForDeploymentPostprocessing = 0;
		};
/* End PBXFrameworksBuildPhase section */

/* Begin PBXGroup section */
		B3094DD21CDDE46D000876C7 = {
			isa = PBXGroup;
			children = (
				B3094DDD1CDDE46D000876C7 /* JSStatusBarHUDExample */,
				B3094DDC1CDDE46D000876C7 /* Products */,
			);
			sourceTree = "<group>";
		};
		B3094DDC1CDDE46D000876C7 /* Products */ = {
			isa = PBXGroup;
			children = (
				B3094DDB1CDDE46D000876C7 /* JSStatusBarHUDExample.app */,
			);
			name = Products;
			sourceTree = "<group>";
		};
		B3094DDD1CDDE46D000876C7 /* JSStatusBarHUDExample */ = {
			isa = PBXGroup;
			children = (
				B3094DF51CDDE52A000876C7 /* JSStatusHUD */,
				B3094DE11CDDE46D000876C7 /* AppDelegate.h */,
				B3094DE21CDDE46D000876C7 /* AppDelegate.m */,
				B3094DE41CDDE46D000876C7 /* ViewController.h */,
				B3094DE51CDDE46D000876C7 /* ViewController.m */,
				B3094DE71CDDE46D000876C7 /* Main.storyboard */,
				B3094DEA1CDDE46D000876C7 /* Assets.xcassets */,
				B3094DEC1CDDE46D000876C7 /* LaunchScreen.storyboard */,
				B3094DEF1CDDE46D000876C7 /* Info.plist */,
				B3094DDE1CDDE46D000876C7 /* Supporting Files */,
			);
			path = JSStatusBarHUDExample;
			sourceTree = "<group>";
		};
		B3094DDE1CDDE46D000876C7 /* Supporting Files */ = {
			isa = PBXGroup;
			children = (
				B3094DDF1CDDE46D000876C7 /* main.m */,
			);
			name = "Supporting Files";
			sourceTree = "<group>";
		};
		B3094DF51CDDE52A000876C7 /* JSStatusHUD */ = {
			isa = PBXGroup;
			children = (
				B3094DF61CDDE52A000876C7 /* JSStatusBarHUD.h */,
				B3094DF71CDDE52A000876C7 /* JSStatusBarHUD.m */,
				B3094DF81CDDE52A000876C7 /* JSStatusHUD.bundle */,
			);
			name = JSStatusHUD;
			path = ../../JSStatusHUD;
			sourceTree = "<group>";
		};
/* End PBXGroup section */

/* Begin PBXNativeTarget section */
		B3094DDA1CDDE46D000876C7 /* JSStatusBarHUDExample */ = {
			isa = PBXNativeTarget;
			buildConfigurationList = B3094DF21CDDE46D000876C7 /* Build configuration list for PBXNativeTarget "JSStatusBarHUDExample" */;
			buildPhases = (
				B3094DD71CDDE46D000876C7 /* Sources */,
				B3094DD81CDDE46D000876C7 /* Frameworks */,
				B3094DD91CDDE46D000876C7 /* Resources */,
			);
			buildRules = (
			);
			dependencies = (
			);
			name = JSStatusBarHUDExample;
			productName = JSStatusBarHUDExample;
			productReference = B3094DDB1CDDE46D000876C7 /* JSStatusBarHUDExample.app */;
			productType = "com.apple.product-type.application";
		};
/* End PBXNativeTarget section */

/* Begin PBXProject section */
		B3094DD31CDDE46D000876C7 /* Project object */ = {
			isa = PBXProject;
			attributes = {
				LastUpgradeCheck = 0730;
				ORGANIZATIONNAME = leo;
				TargetAttributes = {
					B3094DDA1CDDE46D000876C7 = {
						CreatedOnToolsVersion = 7.3.1;
					};
				};
			};
			buildConfigurationList = B3094DD61CDDE46D000876C7 /* Build configuration list for PBXProject "JSStatusBarHUDExample" */;
			compatibilityVersion = "Xcode 3.2";
			developmentRegion = English;
			hasScannedForEncodings = 0;
			knownRegions = (
				en,
				Base,
			);
			mainGroup = B3094DD21CDDE46D000876C7;
			productRefGroup = B3094DDC1CDDE46D000876C7 /* Products */;
			projectDirPath = "";
			projectRoot = "";
			targets = (
				B3094DDA1CDDE46D000876C7 /* JSStatusBarHUDExample */,
			);
		};
/* End PBXProject section */

/* Begin PBXResourcesBuildPhase section */
		B3094DD91CDDE46D000876C7 /* Resources */ = {
			isa = PBXResourcesBuildPhase;
			buildActionMask = 2147483647;
			files = (
				B3094DFA1CDDE52A000876C7 /* JSStatusHUD.bundle in Resources */,
				B3094DEE1CDDE46D000876C7 /* LaunchScreen.storyboard in Resources */,
				B3094DEB1CDDE46D000876C7 /* Assets.xcassets in Resources */,
				B3094DE91CDDE46D000876C7 /* Main.storyboard in Resources */,
			);
			runOnlyForDeploymentPostprocessing = 0;
		};
/* End PBXResourcesBuildPhase section */

/* Begin PBXSourcesBuildPhase section */
		B3094DD71CDDE46D000876C7 /* Sources */ = {
			isa = PBXSourcesBuildPhase;
			buildActionMask = 2147483647;
			files = (
				B3094DE61CDDE46D000876C7 /* ViewController.m in Sources */,
				B3094DE31CDDE46D000876C7 /* AppDelegate.m in Sources */,
				B3094DF91CDDE52A000876C7 /* JSStatusBarHUD.m in Sources */,
				B3094DE01CDDE46D000876C7 /* main.m in Sources */,
			);
			runOnlyForDeploymentPostprocessing = 0;
		};
/* End PBXSourcesBuildPhase section */

/* Begin PBXVariantGroup section */
		B3094DE71CDDE46D000876C7 /* Main.storyboard */ = {
			isa = PBXVariantGroup;
			children = (
				B3094DE81CDDE46D000876C7 /* Base */,
			);
			name = Main.storyboard;
			sourceTree = "<group>";
		};
		B3094DEC1CDDE46D000876C7 /* LaunchScreen.storyboard */ = {
			isa = PBXVariantGroup;
			children = (
				B3094DED1CDDE46D000876C7 /* Base */,
			);
			name = LaunchScreen.storyboard;
			sourceTree = "<group>";
		};
/* End PBXVariantGroup section */

/* Begin XCBuildConfiguration section */
		B3094DF01CDDE46D000876C7 /* Debug */ = {
			isa = XCBuildConfiguration;
			buildSettings = {
				ALWAYS_SEARCH_USER_PATHS = NO;
				CLANG_ANALYZER_NONNULL = YES;
				CLANG_CXX_LANGUAGE_STANDARD = "gnu++0x";
				CLANG_CXX_LIBRARY = "libc++";
				CLANG_ENABLE_MODULES = YES;
				CLANG_ENABLE_OBJC_ARC = YES;
				CLANG_WARN_BOOL_CONVERSION = YES;
				CLANG_WARN_CONSTANT_CONVERSION = YES;
				CLANG_WARN_DIRECT_OBJC_ISA_USAGE = YES_ERROR;
				CLANG_WARN_EMPTY_BODY = YES;
				CLANG_WARN_ENUM_CONVERSION = YES;
				CLANG_WARN_INT_CONVERSION = YES;
				CLANG_WARN_OBJC_ROOT_CLASS = YES_ERROR;
				CLANG_WARN_UNREACHABLE_CODE = YES;
				CLANG_WARN__DUPLICATE_METHOD_MATCH = YES;
				"CODE_SIGN_IDENTITY[sdk=iphoneos*]" = "iPhone Developer";
				COPY_PHASE_STRIP = NO;
				DEBUG_INFORMATION_FORMAT = dwarf;
				ENABLE_STRICT_OBJC_MSGSEND = YES;
				ENABLE_TESTABILITY = YES;
				GCC_C_LANGUAGE_STANDARD = gnu99;
				GCC_DYNAMIC_NO_PIC = NO;
				GCC_NO_COMMON_BLOCKS = YES;
				GCC_OPTIMIZATION_LEVEL = 0;
				GCC_PREPROCESSOR_DEFINITIONS = (
					"DEBUG=1",
					"$(inherited)",
				);
				GCC_WARN_64_TO_32_BIT_CONVERSION = YES;
				GCC_WARN_ABOUT_RETURN_TYPE = YES_ERROR;
				GCC_WARN_UNDECLARED_SELECTOR = YES;
				GCC_WARN_UNINITIALIZED_AUTOS = YES_AGGRESSIVE;
				GCC_WARN_UNUSED_FUNCTION = YES;
				GCC_WARN_UNUSED_VARIABLE = YES;
				IPHONEOS_DEPLOYMENT_TARGET = 9.3;
				MTL_ENABLE_DEBUG_INFO = YES;
				ONLY_ACTIVE_ARCH = YES;
				SDKROOT = iphoneos;
			};
			name = Debug;
		};
		B3094DF11CDDE46D000876C7 /* Release */ = {
			isa = XCBuildConfiguration;
			buildSettings = {
				ALWAYS_SEARCH_USER_PATHS = NO;
				CLANG_ANALYZER_NONNULL = YES;
				CLANG_CXX_LANGUAGE_STANDARD = "gnu++0x";
				CLANG_CXX_LIBRARY = "libc++";
				CLANG_ENABLE_MODULES = YES;
				CLANG_ENABLE_OBJC_ARC = YES;
				CLANG_WARN_BOOL_CONVERSION = YES;
				CLANG_WARN_CONSTANT_CONVERSION = YES;
				CLANG_WARN_DIRECT_OBJC_ISA_USAGE = YES_ERROR;
				CLANG_WARN_EMPTY_BODY = YES;
				CLANG_WARN_ENUM_CONVERSION = YES;
				CLANG_WARN_INT_CONVERSION = YES;
				CLANG_WARN_OBJC_ROOT_CLASS = YES_ERROR;
				CLANG_WARN_UNREACHABLE_CODE = YES;
				CLANG_WARN__DUPLICATE_METHOD_MATCH = YES;
				"CODE_SIGN_IDENTITY[sdk=iphoneos*]" = "iPhone Developer";
				COPY_PHASE_STRIP = NO;
				DEBUG_INFORMATION_FORMAT = "dwarf-with-dsym";
				ENABLE_NS_ASSERTIONS = NO;
				ENABLE_STRICT_OBJC_MSGSEND = YES;
				GCC_C_LANGUAGE_STANDARD = gnu99;
				GCC_NO_COMMON_BLOCKS = YES;
				GCC_WARN_64_TO_32_BIT_CONVERSION = YES;
				GCC_WARN_ABOUT_RETURN_TYPE = YES_ERROR;
				GCC_WARN_UNDECLARED_SELECTOR = YES;
				GCC_WARN_UNINITIALIZED_AUTOS = YES_AGGRESSIVE;
				GCC_WARN_UNUSED_FUNCTION = YES;
				GCC_WARN_UNUSED_VARIABLE = YES;
				IPHONEOS_DEPLOYMENT_TARGET = 9.3;
				MTL_ENABLE_DEBUG_INFO = NO;
				SDKROOT = iphoneos;
				VALIDATE_PRODUCT = YES;
			};
			name = Release;
		};
		B3094DF31CDDE46D000876C7 /* Debug */ = {
			isa = XCBuildConfiguration;
			buildSettings = {
				ASSETCATALOG_COMPILER_APPICON_NAME = AppIcon;
				INFOPLIST_FILE = JSStatusBarHUDExample/Info.plist;
				LD_RUNPATH_SEARCH_PATHS = "$(inherited) @executable_path/Frameworks";
				PRODUCT_BUNDLE_IDENTIFIER = com.leo.JSStatusBarHUDExample;
				PRODUCT_NAME = "$(TARGET_NAME)";
			};
			name = Debug;
		};
		B3094DF41CDDE46D000876C7 /* Release */ = {
			isa = XCBuildConfiguration;
			buildSettings = {
				ASSETCATALOG_COMPILER_APPICON_NAME = AppIcon;
				INFOPLIST_FILE = JSStatusBarHUDExample/Info.plist;
				LD_RUNPATH_SEARCH_PATHS = "$(inherited) @executable_path/Frameworks";
				PRODUCT_BUNDLE_IDENTIFIER = com.leo.JSStatusBarHUDExample;
				PRODUCT_NAME = "$(TARGET_NAME)";
			};
			name = Release;
		};
/* End XCBuildConfiguration section */

/* Begin XCConfigurationList section */
		B3094DD61CDDE46D000876C7 /* Build configuration list for PBXProject "JSStatusBarHUDExample" */ = {
			isa = XCConfigurationList;
			buildConfigurations = (
				B3094DF01CDDE46D000876C7 /* Debug */,
				B3094DF11CDDE46D000876C7 /* Release */,
			);
			defaultConfigurationIsVisible = 0;
			defaultConfigurationName = Release;
		};
		B3094DF21CDDE46D000876C7 /* Build configuration list for PBXNativeTarget "JSStatusBarHUDExample" */ = {
			isa = XCConfigurationList;
			buildConfigurations = (
				B3094DF31CDDE46D000876C7 /* Debug */,
				B3094DF41CDDE46D000876C7 /* Release */,
			);
			defaultConfigurationIsVisible = 0;
			defaultConfigurationName = Release;
		};
/* End XCConfigurationList section */
	};
	rootObject = B3094DD31CDDE46D000876C7 /* Project object */;
}
